
Microsoft Visual Studio Solution File, Format Version 12.00
# Visual Studio 2013
VisualStudioVersion = 12.0.40629.0
MinimumVisualStudioVersion = 10.0.40219.1
Project("{B1E792BE-AA5F-4E3C-8C82-674BF9C0715B}") = "IntecreUtilities", "IntecreUtilities\IntecreUtilities.tsproj", "{83E3C23D-9DEB-4EAD-91D6-1CD18FD375E1}"
EndProject
Global
	GlobalSection(SolutionConfigurationPlatforms) = preSolution
		Debug|TwinCAT CE7 (ARMV7) = Debug|TwinCAT CE7 (ARMV7)
		Debug|TwinCAT RT (x64) = Debug|TwinCAT RT (x64)
		Debug|TwinCAT RT (x86) = Debug|TwinCAT RT (x86)
		Release|TwinCAT CE7 (ARMV7) = Release|TwinCAT CE7 (ARMV7)
		Release|TwinCAT RT (x64) = Release|TwinCAT RT (x64)
		Release|TwinCAT RT (x86) = Release|TwinCAT RT (x86)
	EndGlobalSection
	GlobalSection(ProjectConfigurationPlatforms) = postSolution
		{83E3C23D-9DEB-4EAD-91D6-1CD18FD375E1}.Debug|TwinCAT CE7 (ARMV7).ActiveCfg = Debug|TwinCAT CE7 (ARMV7)
		{83E3C23D-9DEB-4EAD-91D6-1CD18FD375E1}.Debug|TwinCAT CE7 (ARMV7).Build.0 = Debug|TwinCAT CE7 (ARMV7)
		{83E3C23D-9DEB-4EAD-91D6-1CD18FD375E1}.Debug|TwinCAT RT (x64).ActiveCfg = Debug|TwinCAT RT (x64)
		{83E3C23D-9DEB-4EAD-91D6-1CD18FD375E1}.Debug|TwinCAT RT (x64).Build.0 = Debug|TwinCAT RT (x64)
		{83E3C23D-9DEB-4EAD-91D6-1CD18FD375E1}.Debug|TwinCAT RT (x86).ActiveCfg = Debug|TwinCAT RT (x86)
		{83E3C23D-9DEB-4EAD-91D6-1CD18FD375E1}.Debug|TwinCAT RT (x86).Build.0 = Debug|TwinCAT RT (x86)
		{83E3C23D-9DEB-4EAD-91D6-1CD18FD375E1}.Release|TwinCAT CE7 (ARMV7).ActiveCfg = Release|TwinCAT CE7 (ARMV7)
		{83E3C23D-9DEB-4EAD-91D6-1CD18FD375E1}.Release|TwinCAT CE7 (ARMV7).Build.0 = Release|TwinCAT CE7 (ARMV7)
		{83E3C23D-9DEB-4EAD-91D6-1CD18FD375E1}.Release|TwinCAT RT (x64).ActiveCfg = Release|TwinCAT RT (x64)
		{83E3C23D-9DEB-4EAD-91D6-1CD18FD375E1}.Release|TwinCAT RT (x64).Build.0 = Release|TwinCAT RT (x64)
		{83E3C23D-9DEB-4EAD-91D6-1CD18FD375E1}.Release|TwinCAT RT (x86).ActiveCfg = Release|TwinCAT RT (x86)
		{83E3C23D-9DEB-4EAD-91D6-1CD18FD375E1}.Release|TwinCAT RT (x86).Build.0 = Release|TwinCAT RT (x86)
		{D1B062E0-87EA-4121-B516-D7E6660B0CAA}.Debug|TwinCAT CE7 (ARMV7).ActiveCfg = Debug|TwinCAT CE7 (ARMV7)
		{D1B062E0-87EA-4121-B516-D7E6660B0CAA}.Debug|TwinCAT CE7 (ARMV7).Build.0 = Debug|TwinCAT CE7 (ARMV7)
		{D1B062E0-87EA-4121-B516-D7E6660B0CAA}.Debug|TwinCAT RT (x64).ActiveCfg = Debug|TwinCAT RT (x64)
		{D1B062E0-87EA-4121-B516-D7E6660B0CAA}.Debug|TwinCAT RT (x64).Build.0 = Debug|TwinCAT RT (x64)
		{D1B062E0-87EA-4121-B516-D7E6660B0CAA}.Debug|TwinCAT RT (x86).ActiveCfg = Debug|TwinCAT RT (x86)
		{D1B062E0-87EA-4121-B516-D7E6660B0CAA}.Debug|TwinCAT RT (x86).Build.0 = Debug|TwinCAT RT (x86)
		{D1B062E0-87EA-4121-B516-D7E6660B0CAA}.Release|TwinCAT CE7 (ARMV7).ActiveCfg = Release|TwinCAT CE7 (ARMV7)
		{D1B062E0-87EA-4121-B516-D7E6660B0CAA}.Release|TwinCAT CE7 (ARMV7).Build.0 = Release|TwinCAT CE7 (ARMV7)
		{D1B062E0-87EA-4121-B516-D7E6660B0CAA}.Release|TwinCAT RT (x64).ActiveCfg = Release|TwinCAT RT (x64)
		{D1B062E0-87EA-4121-B516-D7E6660B0CAA}.Release|TwinCAT RT (x64).Build.0 = Release|TwinCAT RT (x64)
		{D1B062E0-87EA-4121-B516-D7E6660B0CAA}.Release|TwinCAT RT (x86).ActiveCfg = Release|TwinCAT RT (x86)
		{D1B062E0-87EA-4121-B516-D7E6660B0CAA}.Release|TwinCAT RT (x86).Build.0 = Release|TwinCAT RT (x86)
	EndGlobalSection
	GlobalSection(SolutionProperties) = preSolution
		HideSolutionNode = FALSE
	EndGlobalSection
EndGlobal
